
Microsoft Visual Studio Solution File, Format Version 12.00
# Visual Studio Version 17
VisualStudioVersion = 17.5.002.0
MinimumVisualStudioVersion = 10.0.40219.1
Project("{9A19103F-16F7-4668-BE54-9A1E7A4F7556}") = "LinqVsHeap", "LinqVsHeap.csproj", "{69612574-93DA-4273-BD91-D07BFDA55CEE}"
EndProject
Global
	GlobalSection(SolutionConfigurationPlatforms) = preSolution
		Debug|Any CPU = Debug|Any CPU
		Release|Any CPU = Release|Any CPU
	EndGlobalSection
	GlobalSection(ProjectConfigurationPlatforms) = postSolution
		{69612574-93DA-4273-BD91-D07BFDA55CEE}.Debug|Any CPU.ActiveCfg = Debug|Any CPU
		{69612574-93DA-4273-BD91-D07BFDA55CEE}.Debug|Any CPU.Build.0 = Debug|Any CPU
		{69612574-93DA-4273-BD91-D07BFDA55CEE}.Release|Any CPU.ActiveCfg = Release|Any CPU
		{69612574-93DA-4273-BD91-D07BFDA55CEE}.Release|Any CPU.Build.0 = Release|Any CPU
	EndGlobalSection
	GlobalSection(SolutionProperties) = preSolution
		HideSolutionNode = FALSE
	EndGlobalSection
	GlobalSection(ExtensibilityGlobals) = postSolution
		SolutionGuid = {8F1BCE7C-015A-482F-940F-4BC01759422B}
	EndGlobalSection
EndGlobal
